
Microsoft Visual Studio Solution File, Format Version 12.00
# Visual Studio Version 16
VisualStudioVersion = 16.0.30717.126
MinimumVisualStudioVersion = 10.0.40219.1
Project("{FAE04EC0-301F-11D3-BF4B-00C04F79EFBC}") = "Factory Method", "Factory Method.csproj", "{301FB3B3-764C-44F8-AE71-97696839A68C}"
EndProject
Global
	GlobalSection(SolutionConfigurationPlatforms) = preSolution
		Debug|Any CPU = Debug|Any CPU
		Release|Any CPU = Release|Any CPU
	EndGlobalSection
	GlobalSection(ProjectConfigurationPlatforms) = postSolution
		{301FB3B3-764C-44F8-AE71-97696839A68C}.Debug|Any CPU.ActiveCfg = Debug|Any CPU
		{301FB3B3-764C-44F8-AE71-97696839A68C}.Debug|Any CPU.Build.0 = Debug|Any CPU
		{301FB3B3-764C-44F8-AE71-97696839A68C}.Release|Any CPU.ActiveCfg = Release|Any CPU
		{301FB3B3-764C-44F8-AE71-97696839A68C}.Release|Any CPU.Build.0 = Release|Any CPU
	EndGlobalSection
	GlobalSection(SolutionProperties) = preSolution
		HideSolutionNode = FALSE
	EndGlobalSection
	GlobalSection(ExtensibilityGlobals) = postSolution
		SolutionGuid = {89B307EB-ED0C-41B8-A778-33BAF40E6CE5}
	EndGlobalSection
EndGlobal
