
Microsoft Visual Studio Solution File, Format Version 12.00
# Visual Studio Version 16
VisualStudioVersion = 16.0.30717.126
MinimumVisualStudioVersion = 10.0.40219.1
Project("{FAE04EC0-301F-11D3-BF4B-00C04F79EFBC}") = "Decorator", "Decorator.csproj", "{D866C93F-4A08-4921-B22F-AC290EECB498}"
EndProject
Global
	GlobalSection(SolutionConfigurationPlatforms) = preSolution
		Debug|Any CPU = Debug|Any CPU
		Release|Any CPU = Release|Any CPU
	EndGlobalSection
	GlobalSection(ProjectConfigurationPlatforms) = postSolution
		{D866C93F-4A08-4921-B22F-AC290EECB498}.Debug|Any CPU.ActiveCfg = Debug|Any CPU
		{D866C93F-4A08-4921-B22F-AC290EECB498}.Debug|Any CPU.Build.0 = Debug|Any CPU
		{D866C93F-4A08-4921-B22F-AC290EECB498}.Release|Any CPU.ActiveCfg = Release|Any CPU
		{D866C93F-4A08-4921-B22F-AC290EECB498}.Release|Any CPU.Build.0 = Release|Any CPU
	EndGlobalSection
	GlobalSection(SolutionProperties) = preSolution
		HideSolutionNode = FALSE
	EndGlobalSection
	GlobalSection(ExtensibilityGlobals) = postSolution
		SolutionGuid = {34DCBE3D-0B9A-479B-86B1-E826B88F8013}
	EndGlobalSection
EndGlobal
