
Microsoft Visual Studio Solution File, Format Version 12.00
# Visual Studio Version 16
VisualStudioVersion = 16.0.30717.126
MinimumVisualStudioVersion = 10.0.40219.1
Project("{FAE04EC0-301F-11D3-BF4B-00C04F79EFBC}") = "Proxy", "Proxy.csproj", "{91CCDB19-8596-4AF9-AAD7-1816C83C4E81}"
EndProject
Global
	GlobalSection(SolutionConfigurationPlatforms) = preSolution
		Debug|Any CPU = Debug|Any CPU
		Release|Any CPU = Release|Any CPU
	EndGlobalSection
	GlobalSection(ProjectConfigurationPlatforms) = postSolution
		{91CCDB19-8596-4AF9-AAD7-1816C83C4E81}.Debug|Any CPU.ActiveCfg = Debug|Any CPU
		{91CCDB19-8596-4AF9-AAD7-1816C83C4E81}.Debug|Any CPU.Build.0 = Debug|Any CPU
		{91CCDB19-8596-4AF9-AAD7-1816C83C4E81}.Release|Any CPU.ActiveCfg = Release|Any CPU
		{91CCDB19-8596-4AF9-AAD7-1816C83C4E81}.Release|Any CPU.Build.0 = Release|Any CPU
	EndGlobalSection
	GlobalSection(SolutionProperties) = preSolution
		HideSolutionNode = FALSE
	EndGlobalSection
	GlobalSection(ExtensibilityGlobals) = postSolution
		SolutionGuid = {2848F543-1C41-4DDA-8AE4-7BCF891A110B}
	EndGlobalSection
EndGlobal
